
Microsoft Visual Studio Solution File, Format Version 12.00
# Visual Studio Version 17
VisualStudioVersion = 17.1.32421.90
MinimumVisualStudioVersion = 10.0.40219.1
Project("{2150E333-8FDC-42A3-9474-1A3956D46DE8}") = "Services", "Services", "{F3A28033-21FF-4869-92F2-F7573A03A50D}"
EndProject
Project("{2150E333-8FDC-42A3-9474-1A3956D46DE8}") = "Catalog", "Catalog", "{F40BC6EE-C859-4936-BD1D-378CE4720497}"
EndProject
Project("{9A19103F-16F7-4668-BE54-9A1E7A4F7556}") = "FreeCourse.Services.Catalog", "Services\Catalog\FreeCourse.Services.Catalog\FreeCourse.Services.Catalog.csproj", "{1CCD353F-D9CC-4A2E-8181-6FCCD66F5054}"
EndProject
Project("{2150E333-8FDC-42A3-9474-1A3956D46DE8}") = "Solution Items", "Solution Items", "{A21F7B0E-3148-4198-AA76-8F5CEF9004B5}"
	ProjectSection(SolutionItems) = preProject
		Ports.txt = Ports.txt
	EndProjectSection
EndProject
Project("{2150E333-8FDC-42A3-9474-1A3956D46DE8}") = "Shared", "Shared", "{5C5EDD12-FE90-4D84-B7F6-3DA30D1A514E}"
EndProject
Project("{9A19103F-16F7-4668-BE54-9A1E7A4F7556}") = "FreeCourse.Shared", "Shared\FreeCourse.Shared\FreeCourse.Shared.csproj", "{3092D32D-16DB-4BA0-9639-8497ACD5C308}"
EndProject
Project("{2150E333-8FDC-42A3-9474-1A3956D46DE8}") = "IdentityServer", "IdentityServer", "{6B3EE1DC-58F4-4258-94C2-B2DC6F8118F9}"
EndProject
Project("{9A19103F-16F7-4668-BE54-9A1E7A4F7556}") = "FreeCourse.IdentityServer", "IdentityServer\FreeCourse.IdentityServer\FreeCourse.IdentityServer.csproj", "{CC184025-4C66-4FE8-AF68-2F957203AA0F}"
EndProject
Project("{2150E333-8FDC-42A3-9474-1A3956D46DE8}") = "PhotoStock", "PhotoStock", "{076A2315-AC81-4E53-80FE-7EB75DBF7E6C}"
EndProject
Project("{9A19103F-16F7-4668-BE54-9A1E7A4F7556}") = "FreeCourse.Services.PhotoStock", "Services\PhotoStock\FreeCourse.Services.PhotoStock\FreeCourse.Services.PhotoStock.csproj", "{9431A9C0-E778-4BC0-A676-32F3E7E32A77}"
EndProject
Project("{2150E333-8FDC-42A3-9474-1A3956D46DE8}") = "Basket", "Basket", "{5F0C4E8E-EFCB-4B05-A38F-72282EFD354F}"
EndProject
Project("{9A19103F-16F7-4668-BE54-9A1E7A4F7556}") = "FreeCourse.Services.Basket", "Services\Basket\FreeCourse.Services.Basket\FreeCourse.Services.Basket.csproj", "{58CDF70B-C765-4E18-8C34-A323655EB836}"
EndProject
Project("{2150E333-8FDC-42A3-9474-1A3956D46DE8}") = "Discount", "Discount", "{BDEBCC0C-80E5-40B5-9248-A8DF7A9DD039}"
EndProject
Project("{9A19103F-16F7-4668-BE54-9A1E7A4F7556}") = "FreeCourse.Services.Discount", "Services\Discount\FreeCourse.Services.Discount\FreeCourse.Services.Discount.csproj", "{78353162-4E73-4DB4-9840-E27C524A23F8}"
EndProject
Project("{2150E333-8FDC-42A3-9474-1A3956D46DE8}") = "Order", "Order", "{B1056CD3-2C55-42A5-B2B1-BF8534722650}"
EndProject
Project("{9A19103F-16F7-4668-BE54-9A1E7A4F7556}") = "FreeCourse.Services.Order.API", "Services\Order\FreeCourse.Services.Order.API\FreeCourse.Services.Order.API.csproj", "{3E03D95D-79E9-492D-A477-CDBEB384EBEC}"
EndProject
Project("{9A19103F-16F7-4668-BE54-9A1E7A4F7556}") = "FreeCourse.Services.Order.Application", "Services\Order\FreeCourse.Services.Order.Application\FreeCourse.Services.Order.Application.csproj", "{616E6B32-98CB-4EBD-8A9B-5296DDD222BA}"
EndProject
Project("{9A19103F-16F7-4668-BE54-9A1E7A4F7556}") = "FreeCourse.Services.Order.Domain", "Services\Order\FreeCourse.Services.Order.Domain\FreeCourse.Services.Order.Domain.csproj", "{5607C3C2-1F7B-4897-B913-7B0816B1709C}"
EndProject
Project("{9A19103F-16F7-4668-BE54-9A1E7A4F7556}") = "FreeCourse.Services.Order.Domain.Core", "Services\Order\FreeCourse.Services.Order.Domain.Core\FreeCourse.Services.Order.Domain.Core.csproj", "{0D74AC9E-C2FE-4014-A998-AE5AE825C785}"
EndProject
Project("{9A19103F-16F7-4668-BE54-9A1E7A4F7556}") = "FreeCourse.Services.Order.Infrastructure", "Services\Order\FreeCourse.Services.Order.Infrastructure\FreeCourse.Services.Order.Infrastructure.csproj", "{52D5F4B1-AFA2-4CCC-9812-267A05FFB473}"
EndProject
Project("{2150E333-8FDC-42A3-9474-1A3956D46DE8}") = "FakePayment", "FakePayment", "{AFF0F72A-3109-4D6B-A837-0CF71EAFBED1}"
EndProject
Project("{9A19103F-16F7-4668-BE54-9A1E7A4F7556}") = "FreeCourse.Services.FakePayment", "Services\FakePayment\FreeCourse.Services.FakePayment\FreeCourse.Services.FakePayment.csproj", "{B6FD9265-4B7A-4912-930D-764F09AC3EC9}"
EndProject
Project("{2150E333-8FDC-42A3-9474-1A3956D46DE8}") = "Gateways", "Gateways", "{3689990E-7AB2-48DF-A98B-70C7C0BAFCA2}"
EndProject
Project("{9A19103F-16F7-4668-BE54-9A1E7A4F7556}") = "FreeCourse.Gateway", "Gateways\FreeCourse.Gateway\FreeCourse.Gateway.csproj", "{D6FF0A1E-6D40-4F6F-9F40-B53A7CABD10E}"
EndProject
Project("{2150E333-8FDC-42A3-9474-1A3956D46DE8}") = "FrontEnds", "FrontEnds", "{60C4AE2D-0AC3-4E8E-9C6B-D2A8D652DE05}"
EndProject
Project("{FAE04EC0-301F-11D3-BF4B-00C04F79EFBC}") = "FreeCourse.Web", "FrontEnds\FreeCourse.Web\FreeCourse.Web.csproj", "{DDC71120-BC4B-4F0A-8130-79D5ECB97979}"
EndProject
Global
	GlobalSection(SolutionConfigurationPlatforms) = preSolution
		Debug|Any CPU = Debug|Any CPU
		Release|Any CPU = Release|Any CPU
	EndGlobalSection
	GlobalSection(ProjectConfigurationPlatforms) = postSolution
		{1CCD353F-D9CC-4A2E-8181-6FCCD66F5054}.Debug|Any CPU.ActiveCfg = Debug|Any CPU
		{1CCD353F-D9CC-4A2E-8181-6FCCD66F5054}.Debug|Any CPU.Build.0 = Debug|Any CPU
		{1CCD353F-D9CC-4A2E-8181-6FCCD66F5054}.Release|Any CPU.ActiveCfg = Release|Any CPU
		{1CCD353F-D9CC-4A2E-8181-6FCCD66F5054}.Release|Any CPU.Build.0 = Release|Any CPU
		{3092D32D-16DB-4BA0-9639-8497ACD5C308}.Debug|Any CPU.ActiveCfg = Debug|Any CPU
		{3092D32D-16DB-4BA0-9639-8497ACD5C308}.Debug|Any CPU.Build.0 = Debug|Any CPU
		{3092D32D-16DB-4BA0-9639-8497ACD5C308}.Release|Any CPU.ActiveCfg = Release|Any CPU
		{3092D32D-16DB-4BA0-9639-8497ACD5C308}.Release|Any CPU.Build.0 = Release|Any CPU
		{CC184025-4C66-4FE8-AF68-2F957203AA0F}.Debug|Any CPU.ActiveCfg = Debug|Any CPU
		{CC184025-4C66-4FE8-AF68-2F957203AA0F}.Debug|Any CPU.Build.0 = Debug|Any CPU
		{CC184025-4C66-4FE8-AF68-2F957203AA0F}.Release|Any CPU.ActiveCfg = Release|Any CPU
		{CC184025-4C66-4FE8-AF68-2F957203AA0F}.Release|Any CPU.Build.0 = Release|Any CPU
		{9431A9C0-E778-4BC0-A676-32F3E7E32A77}.Debug|Any CPU.ActiveCfg = Debug|Any CPU
		{9431A9C0-E778-4BC0-A676-32F3E7E32A77}.Debug|Any CPU.Build.0 = Debug|Any CPU
		{9431A9C0-E778-4BC0-A676-32F3E7E32A77}.Release|Any CPU.ActiveCfg = Release|Any CPU
		{9431A9C0-E778-4BC0-A676-32F3E7E32A77}.Release|Any CPU.Build.0 = Release|Any CPU
		{58CDF70B-C765-4E18-8C34-A323655EB836}.Debug|Any CPU.ActiveCfg = Debug|Any CPU
		{58CDF70B-C765-4E18-8C34-A323655EB836}.Debug|Any CPU.Build.0 = Debug|Any CPU
		{58CDF70B-C765-4E18-8C34-A323655EB836}.Release|Any CPU.ActiveCfg = Release|Any CPU
		{58CDF70B-C765-4E18-8C34-A323655EB836}.Release|Any CPU.Build.0 = Release|Any CPU
		{78353162-4E73-4DB4-9840-E27C524A23F8}.Debug|Any CPU.ActiveCfg = Debug|Any CPU
		{78353162-4E73-4DB4-9840-E27C524A23F8}.Debug|Any CPU.Build.0 = Debug|Any CPU
		{78353162-4E73-4DB4-9840-E27C524A23F8}.Release|Any CPU.ActiveCfg = Release|Any CPU
		{78353162-4E73-4DB4-9840-E27C524A23F8}.Release|Any CPU.Build.0 = Release|Any CPU
		{3E03D95D-79E9-492D-A477-CDBEB384EBEC}.Debug|Any CPU.ActiveCfg = Debug|Any CPU
		{3E03D95D-79E9-492D-A477-CDBEB384EBEC}.Debug|Any CPU.Build.0 = Debug|Any CPU
		{3E03D95D-79E9-492D-A477-CDBEB384EBEC}.Release|Any CPU.ActiveCfg = Release|Any CPU
		{3E03D95D-79E9-492D-A477-CDBEB384EBEC}.Release|Any CPU.Build.0 = Release|Any CPU
		{616E6B32-98CB-4EBD-8A9B-5296DDD222BA}.Debug|Any CPU.ActiveCfg = Debug|Any CPU
		{616E6B32-98CB-4EBD-8A9B-5296DDD222BA}.Debug|Any CPU.Build.0 = Debug|Any CPU
		{616E6B32-98CB-4EBD-8A9B-5296DDD222BA}.Release|Any CPU.ActiveCfg = Release|Any CPU
		{616E6B32-98CB-4EBD-8A9B-5296DDD222BA}.Release|Any CPU.Build.0 = Release|Any CPU
		{5607C3C2-1F7B-4897-B913-7B0816B1709C}.Debug|Any CPU.ActiveCfg = Debug|Any CPU
		{5607C3C2-1F7B-4897-B913-7B0816B1709C}.Debug|Any CPU.Build.0 = Debug|Any CPU
		{5607C3C2-1F7B-4897-B913-7B0816B1709C}.Release|Any CPU.ActiveCfg = Release|Any CPU
		{5607C3C2-1F7B-4897-B913-7B0816B1709C}.Release|Any CPU.Build.0 = Release|Any CPU
		{0D74AC9E-C2FE-4014-A998-AE5AE825C785}.Debug|Any CPU.ActiveCfg = Debug|Any CPU
		{0D74AC9E-C2FE-4014-A998-AE5AE825C785}.Debug|Any CPU.Build.0 = Debug|Any CPU
		{0D74AC9E-C2FE-4014-A998-AE5AE825C785}.Release|Any CPU.ActiveCfg = Release|Any CPU
		{0D74AC9E-C2FE-4014-A998-AE5AE825C785}.Release|Any CPU.Build.0 = Release|Any CPU
		{52D5F4B1-AFA2-4CCC-9812-267A05FFB473}.Debug|Any CPU.ActiveCfg = Debug|Any CPU
		{52D5F4B1-AFA2-4CCC-9812-267A05FFB473}.Debug|Any CPU.Build.0 = Debug|Any CPU
		{52D5F4B1-AFA2-4CCC-9812-267A05FFB473}.Release|Any CPU.ActiveCfg = Release|Any CPU
		{52D5F4B1-AFA2-4CCC-9812-267A05FFB473}.Release|Any CPU.Build.0 = Release|Any CPU
		{B6FD9265-4B7A-4912-930D-764F09AC3EC9}.Debug|Any CPU.ActiveCfg = Debug|Any CPU
		{B6FD9265-4B7A-4912-930D-764F09AC3EC9}.Debug|Any CPU.Build.0 = Debug|Any CPU
		{B6FD9265-4B7A-4912-930D-764F09AC3EC9}.Release|Any CPU.ActiveCfg = Release|Any CPU
		{B6FD9265-4B7A-4912-930D-764F09AC3EC9}.Release|Any CPU.Build.0 = Release|Any CPU
		{D6FF0A1E-6D40-4F6F-9F40-B53A7CABD10E}.Debug|Any CPU.ActiveCfg = Debug|Any CPU
		{D6FF0A1E-6D40-4F6F-9F40-B53A7CABD10E}.Debug|Any CPU.Build.0 = Debug|Any CPU
		{D6FF0A1E-6D40-4F6F-9F40-B53A7CABD10E}.Release|Any CPU.ActiveCfg = Release|Any CPU
		{D6FF0A1E-6D40-4F6F-9F40-B53A7CABD10E}.Release|Any CPU.Build.0 = Release|Any CPU
		{DDC71120-BC4B-4F0A-8130-79D5ECB97979}.Debug|Any CPU.ActiveCfg = Debug|Any CPU
		{DDC71120-BC4B-4F0A-8130-79D5ECB97979}.Debug|Any CPU.Build.0 = Debug|Any CPU
		{DDC71120-BC4B-4F0A-8130-79D5ECB97979}.Release|Any CPU.ActiveCfg = Release|Any CPU
		{DDC71120-BC4B-4F0A-8130-79D5ECB97979}.Release|Any CPU.Build.0 = Release|Any CPU
	EndGlobalSection
	GlobalSection(SolutionProperties) = preSolution
		HideSolutionNode = FALSE
	EndGlobalSection
	GlobalSection(NestedProjects) = preSolution
		{F40BC6EE-C859-4936-BD1D-378CE4720497} = {F3A28033-21FF-4869-92F2-F7573A03A50D}
		{1CCD353F-D9CC-4A2E-8181-6FCCD66F5054} = {F40BC6EE-C859-4936-BD1D-378CE4720497}
		{3092D32D-16DB-4BA0-9639-8497ACD5C308} = {5C5EDD12-FE90-4D84-B7F6-3DA30D1A514E}
		{CC184025-4C66-4FE8-AF68-2F957203AA0F} = {6B3EE1DC-58F4-4258-94C2-B2DC6F8118F9}
		{076A2315-AC81-4E53-80FE-7EB75DBF7E6C} = {F3A28033-21FF-4869-92F2-F7573A03A50D}
		{9431A9C0-E778-4BC0-A676-32F3E7E32A77} = {076A2315-AC81-4E53-80FE-7EB75DBF7E6C}
		{5F0C4E8E-EFCB-4B05-A38F-72282EFD354F} = {F3A28033-21FF-4869-92F2-F7573A03A50D}
		{58CDF70B-C765-4E18-8C34-A323655EB836} = {5F0C4E8E-EFCB-4B05-A38F-72282EFD354F}
		{BDEBCC0C-80E5-40B5-9248-A8DF7A9DD039} = {F3A28033-21FF-4869-92F2-F7573A03A50D}
		{78353162-4E73-4DB4-9840-E27C524A23F8} = {BDEBCC0C-80E5-40B5-9248-A8DF7A9DD039}
		{B1056CD3-2C55-42A5-B2B1-BF8534722650} = {F3A28033-21FF-4869-92F2-F7573A03A50D}
		{3E03D95D-79E9-492D-A477-CDBEB384EBEC} = {B1056CD3-2C55-42A5-B2B1-BF8534722650}
		{616E6B32-98CB-4EBD-8A9B-5296DDD222BA} = {B1056CD3-2C55-42A5-B2B1-BF8534722650}
		{5607C3C2-1F7B-4897-B913-7B0816B1709C} = {B1056CD3-2C55-42A5-B2B1-BF8534722650}
		{0D74AC9E-C2FE-4014-A998-AE5AE825C785} = {B1056CD3-2C55-42A5-B2B1-BF8534722650}
		{52D5F4B1-AFA2-4CCC-9812-267A05FFB473} = {B1056CD3-2C55-42A5-B2B1-BF8534722650}
		{AFF0F72A-3109-4D6B-A837-0CF71EAFBED1} = {F3A28033-21FF-4869-92F2-F7573A03A50D}
		{B6FD9265-4B7A-4912-930D-764F09AC3EC9} = {AFF0F72A-3109-4D6B-A837-0CF71EAFBED1}
		{D6FF0A1E-6D40-4F6F-9F40-B53A7CABD10E} = {3689990E-7AB2-48DF-A98B-70C7C0BAFCA2}
		{DDC71120-BC4B-4F0A-8130-79D5ECB97979} = {60C4AE2D-0AC3-4E8E-9C6B-D2A8D652DE05}
	EndGlobalSection
	GlobalSection(ExtensibilityGlobals) = postSolution
		SolutionGuid = {25050A5E-2D57-40A4-AA93-25D252A97CF5}
	EndGlobalSection
EndGlobal
